{
  "requires": true,
  "lockfileVersion": 1,
  "dependencies": {
    "geoffreyhill-palindrome": {
      "version": "0.1.0",
      "resolved": "https://registry.npmjs.org/geoffreyhill-palindrome/-/geoffreyhill-palindrome-0.1.0.tgz",
      "integrity": "sha512-01Q844pSM9HOA/TUKYLuRBgZ64RDHFMPoY5s6d/83/8kGCVIgm2m3Gvh9vNLsL5v6+YCrZKlNYdcKdznhHbeHQ=="
    }
  }
}
